
Microsoft Visual Studio Solution File, Format Version 12.00
# Visual Studio Version 17
VisualStudioVersion = 17.3.32804.467
MinimumVisualStudioVersion = 10.0.40219.1
Project("{FAE04EC0-301F-11D3-BF4B-00C04F79EFBC}") = "ProjetoIntegrador.Modulo1.BackEnd", "ProjetoIntegrador.Modulo1.BackEnd\ProjetoIntegrador.Modulo1.BackEnd.csproj", "{92DE866F-A796-4F2B-9C04-D8B0DE60F010}"
EndProject
Global
	GlobalSection(SolutionConfigurationPlatforms) = preSolution
		Debug|Any CPU = Debug|Any CPU
		Release|Any CPU = Release|Any CPU
	EndGlobalSection
	GlobalSection(ProjectConfigurationPlatforms) = postSolution
		{92DE866F-A796-4F2B-9C04-D8B0DE60F010}.Debug|Any CPU.ActiveCfg = Debug|Any CPU
		{92DE866F-A796-4F2B-9C04-D8B0DE60F010}.Debug|Any CPU.Build.0 = Debug|Any CPU
		{92DE866F-A796-4F2B-9C04-D8B0DE60F010}.Release|Any CPU.ActiveCfg = Release|Any CPU
		{92DE866F-A796-4F2B-9C04-D8B0DE60F010}.Release|Any CPU.Build.0 = Release|Any CPU
	EndGlobalSection
	GlobalSection(SolutionProperties) = preSolution
		HideSolutionNode = FALSE
	EndGlobalSection
	GlobalSection(ExtensibilityGlobals) = postSolution
		SolutionGuid = {BB003473-6B09-4C8F-AC93-2EB4FD641560}
	EndGlobalSection
EndGlobal
